<?xml version="1.0" encoding="UTF-8" standalone="yes" ?>
<CodeBlocks_project_file>
	<FileVersion major="1" minor="6" />
	<Project>
		<Option title="lab4" />
		<Option pch_mode="2" />
		<Option compiler="gcc" />
		<Build>
			<Target title="Debug">
				<Option output="bin/Debug/lab4" prefix_auto="1" extension_auto="1" />
				<Option object_output="obj/Debug/" />
				<Option type="1" />
				<Option compiler="gcc" />
				<Compiler>
					<Add option="-g" />
				</Compiler>
			</Target>
			<Target title="Release">
				<Option output="bin/Release/lab4" prefix_auto="1" extension_auto="1" />
				<Option object_output="obj/Release/" />
				<Option type="1" />
				<Option compiler="gcc" />
				<Compiler>
					<Add option="-O2" />
				</Compiler>
				<Linker>
					<Add option="-s" />
				</Linker>
			</Target>
		</Build>
		<Compiler>
			<Add option="-Wall" />
			<Add option="-fexceptions" />
		</Compiler>
		<Unit filename="DataSource.cpp" />
		<Unit filename="DataSource.h">
			<Option target="&lt;{~None~}&gt;" />
		</Unit>
		<Unit filename="DataSourceTest.cpp">
			<Option compile="0" />
			<Option link="0" />
		</Unit>
		<Unit filename="Date.cpp" />
		<Unit filename="Date.h">
			<Option target="&lt;{~None~}&gt;" />
		</Unit>
		<Unit filename="DateTest.cpp">
			<Option compile="0" />
			<Option link="0" />
		</Unit>
		<Unit filename="Registration.cpp">
			<Option compile="0" />
			<Option link="0" />
		</Unit>
		<Unit filename="Registration.h">
			<Option target="&lt;{~None~}&gt;" />
		</Unit>
		<Unit filename="RegistrationTest.cpp">
			<Option compile="0" />
			<Option link="0" />
		</Unit>
		<Unit filename="Result.cpp">
			<Option compile="0" />
			<Option link="0" />
		</Unit>
		<Unit filename="Result.h">
			<Option target="&lt;{~None~}&gt;" />
		</Unit>
		<Unit filename="ResultTest.cpp">
			<Option compile="0" />
			<Option link="0" />
		</Unit>
		<Unit filename="Time.cpp" />
		<Unit filename="Time.h">
			<Option target="&lt;{~None~}&gt;" />
		</Unit>
		<Unit filename="TimeTest.cpp">
			<Option compile="0" />
			<Option link="0" />
		</Unit>
		<Unit filename="Unit.cpp">
			<Option compile="0" />
			<Option link="0" />
		</Unit>
		<Unit filename="Unit.h">
			<Option target="&lt;{~None~}&gt;" />
		</Unit>
		<Unit filename="UnitTest.cpp">
			<Option compile="0" />
			<Option link="0" />
		</Unit>
		<Unit filename="Vector.h">
			<Option target="&lt;{~None~}&gt;" />
		</Unit>
		<Unit filename="VectorTest.cpp">
			<Option compile="0" />
			<Option link="0" />
		</Unit>
		<Unit filename="WAST.cpp" />
		<Unit filename="WAST.h">
			<Option target="&lt;{~None~}&gt;" />
		</Unit>
		<Unit filename="WASTTest.cpp">
			<Option compile="0" />
			<Option link="0" />
		</Unit>
		<Unit filename="WeatherRecord.cpp" />
		<Unit filename="WeatherRecord.h">
			<Option target="&lt;{~None~}&gt;" />
		</Unit>
		<Unit filename="WeatherRecordMVC.cpp" />
		<Unit filename="WeatherRecordTest.cpp">
			<Option compile="0" />
			<Option link="0" />
		</Unit>
		<Unit filename="WindRecType.cpp" />
		<Unit filename="WindRecType.h">
			<Option target="&lt;{~None~}&gt;" />
		</Unit>
		<Unit filename="additionalFunction.cpp" />
		<Unit filename="additionalFunction.h">
			<Option target="&lt;{~None~}&gt;" />
		</Unit>
		<Unit filename="additionalFunctionTest.cpp">
			<Option compile="0" />
			<Option link="0" />
		</Unit>
		<Unit filename="bst.h">
			<Option target="&lt;{~None~}&gt;" />
		</Unit>
		<Unit filename="bstTest.cpp">
			<Option compile="0" />
			<Option link="0" />
		</Unit>
		<Unit filename="main.cpp">
			<Option compile="0" />
			<Option link="0" />
		</Unit>
		<Extensions />
	</Project>
</CodeBlocks_project_file>
